
Microsoft Visual Studio Solution File, Format Version 12.00
# Visual Studio Version 17
VisualStudioVersion = 17.9.34728.123
MinimumVisualStudioVersion = 10.0.40219.1
Project("{FAE04EC0-301F-11D3-BF4B-00C04F79EFBC}") = "VulnerableFileManager", "VulnerableFileManager\VulnerableFileManager.csproj", "{F67CCA8F-229A-459D-833A-566D251F0254}"
EndProject
Global
	GlobalSection(SolutionConfigurationPlatforms) = preSolution
		Debug|Any CPU = Debug|Any CPU
		Release|Any CPU = Release|Any CPU
	EndGlobalSection
	GlobalSection(ProjectConfigurationPlatforms) = postSolution
		{F67CCA8F-229A-459D-833A-566D251F0254}.Debug|Any CPU.ActiveCfg = Debug|Any CPU
		{F67CCA8F-229A-459D-833A-566D251F0254}.Debug|Any CPU.Build.0 = Debug|Any CPU
		{F67CCA8F-229A-459D-833A-566D251F0254}.Release|Any CPU.ActiveCfg = Release|Any CPU
		{F67CCA8F-229A-459D-833A-566D251F0254}.Release|Any CPU.Build.0 = Release|Any CPU
	EndGlobalSection
	GlobalSection(SolutionProperties) = preSolution
		HideSolutionNode = FALSE
	EndGlobalSection
	GlobalSection(ExtensibilityGlobals) = postSolution
		SolutionGuid = {19A6726F-EB42-48CF-897D-F13D53C8B2F8}
	EndGlobalSection
EndGlobal
